
Microsoft Visual Studio Solution File, Format Version 12.00
# Visual Studio Version 17
VisualStudioVersion = 17.8.34322.80
MinimumVisualStudioVersion = 10.0.40219.1
Project("{FAE04EC0-301F-11D3-BF4B-00C04F79EFBC}") = "Sumfiletext", "Sumfiletext\Sumfiletext.csproj", "{4CD28748-7E73-402B-A631-0860AE83EE11}"
EndProject
Global
	GlobalSection(SolutionConfigurationPlatforms) = preSolution
		Debug|Any CPU = Debug|Any CPU
		Release|Any CPU = Release|Any CPU
	EndGlobalSection
	GlobalSection(ProjectConfigurationPlatforms) = postSolution
		{4CD28748-7E73-402B-A631-0860AE83EE11}.Debug|Any CPU.ActiveCfg = Debug|Any CPU
		{4CD28748-7E73-402B-A631-0860AE83EE11}.Debug|Any CPU.Build.0 = Debug|Any CPU
		{4CD28748-7E73-402B-A631-0860AE83EE11}.Release|Any CPU.ActiveCfg = Release|Any CPU
		{4CD28748-7E73-402B-A631-0860AE83EE11}.Release|Any CPU.Build.0 = Release|Any CPU
	EndGlobalSection
	GlobalSection(SolutionProperties) = preSolution
		HideSolutionNode = FALSE
	EndGlobalSection
	GlobalSection(ExtensibilityGlobals) = postSolution
		SolutionGuid = {4EB8DC6F-A960-4152-9229-00D7E09BC0B1}
	EndGlobalSection
EndGlobal
