
Microsoft Visual Studio Solution File, Format Version 12.00
# Visual Studio Version 17
VisualStudioVersion = 17.8.34322.80
MinimumVisualStudioVersion = 10.0.40219.1
Project("{FAE04EC0-301F-11D3-BF4B-00C04F79EFBC}") = "minesweeper", "minesweeper\minesweeper.csproj", "{B4777030-0874-44CF-9D9F-D9EB657D9C32}"
EndProject
Global
	GlobalSection(SolutionConfigurationPlatforms) = preSolution
		Debug|Any CPU = Debug|Any CPU
		Release|Any CPU = Release|Any CPU
	EndGlobalSection
	GlobalSection(ProjectConfigurationPlatforms) = postSolution
		{B4777030-0874-44CF-9D9F-D9EB657D9C32}.Debug|Any CPU.ActiveCfg = Debug|Any CPU
		{B4777030-0874-44CF-9D9F-D9EB657D9C32}.Debug|Any CPU.Build.0 = Debug|Any CPU
		{B4777030-0874-44CF-9D9F-D9EB657D9C32}.Release|Any CPU.ActiveCfg = Release|Any CPU
		{B4777030-0874-44CF-9D9F-D9EB657D9C32}.Release|Any CPU.Build.0 = Release|Any CPU
	EndGlobalSection
	GlobalSection(SolutionProperties) = preSolution
		HideSolutionNode = FALSE
	EndGlobalSection
	GlobalSection(ExtensibilityGlobals) = postSolution
		SolutionGuid = {8229C703-6869-4EF5-B24A-AB7EA021C509}
	EndGlobalSection
EndGlobal
