
Microsoft Visual Studio Solution File, Format Version 12.00
# Visual Studio Version 17
VisualStudioVersion = 17.8.34322.80
MinimumVisualStudioVersion = 10.0.40219.1
Project("{FAE04EC0-301F-11D3-BF4B-00C04F79EFBC}") = "Countarray", "Countarray\Countarray.csproj", "{74CC0DE8-02BE-42CD-869C-9162A3885F25}"
EndProject
Global
	GlobalSection(SolutionConfigurationPlatforms) = preSolution
		Debug|Any CPU = Debug|Any CPU
		Release|Any CPU = Release|Any CPU
	EndGlobalSection
	GlobalSection(ProjectConfigurationPlatforms) = postSolution
		{74CC0DE8-02BE-42CD-869C-9162A3885F25}.Debug|Any CPU.ActiveCfg = Debug|Any CPU
		{74CC0DE8-02BE-42CD-869C-9162A3885F25}.Debug|Any CPU.Build.0 = Debug|Any CPU
		{74CC0DE8-02BE-42CD-869C-9162A3885F25}.Release|Any CPU.ActiveCfg = Release|Any CPU
		{74CC0DE8-02BE-42CD-869C-9162A3885F25}.Release|Any CPU.Build.0 = Release|Any CPU
	EndGlobalSection
	GlobalSection(SolutionProperties) = preSolution
		HideSolutionNode = FALSE
	EndGlobalSection
	GlobalSection(ExtensibilityGlobals) = postSolution
		SolutionGuid = {B14D4C18-BF7B-46B8-8D3E-074D2B97B24D}
	EndGlobalSection
EndGlobal
